
Microsoft Visual Studio Solution File, Format Version 12.00
# Visual Studio Version 16
VisualStudioVersion = 16.0.31911.196
MinimumVisualStudioVersion = 10.0.40219.1
Project("{2150E333-8FDC-42A3-9474-1A3956D46DE8}") = "Services", "Services", "{F972C3C2-AF95-4B66-8280-5D5A2A68269E}"
EndProject
Project("{2150E333-8FDC-42A3-9474-1A3956D46DE8}") = "Catalog", "Catalog", "{A5DC7CDA-C495-4B04-B96D-0AF3DDEE05E7}"
EndProject
Project("{9A19103F-16F7-4668-BE54-9A1E7A4F7556}") = "FreeCourse.Services.Catalog", "Services\Catalog\FreeCourse.Catalog\FreeCourse.Services.Catalog.csproj", "{13DB3DBD-8251-4EC0-9592-0BE761CD83A5}"
EndProject
Project("{2150E333-8FDC-42A3-9474-1A3956D46DE8}") = "Solution Items", "Solution Items", "{13D4DB18-27AD-4EAA-B51B-35944BA01D62}"
	ProjectSection(SolutionItems) = preProject
		Notes.txt = Notes.txt
		Ports.txt = Ports.txt
	EndProjectSection
EndProject
Project("{2150E333-8FDC-42A3-9474-1A3956D46DE8}") = "Shared", "Shared", "{96D9F653-DE40-4922-A68F-457E8BD54AAC}"
EndProject
Project("{9A19103F-16F7-4668-BE54-9A1E7A4F7556}") = "FreeCourse.Shared", "Shared\FreeCourse.Shared\FreeCourse.Shared.csproj", "{3FD0BB52-0695-432D-9E03-449055ED9802}"
EndProject
Project("{2150E333-8FDC-42A3-9474-1A3956D46DE8}") = "IdentityServer", "IdentityServer", "{C5A16F50-B720-4EBD-B9CA-351F8FC7F9CA}"
EndProject
Project("{9A19103F-16F7-4668-BE54-9A1E7A4F7556}") = "FreeCourse.IdentityServer", "IdentityServer\FreeCourse.IdentityServer\FreeCourse.IdentityServer.csproj", "{F2416713-C3FE-40C3-8EFD-36C4ED6AAD95}"
EndProject
Project("{2150E333-8FDC-42A3-9474-1A3956D46DE8}") = "PhotoStock", "PhotoStock", "{0B2EFC17-1E76-40B1-AE51-9B684AFF9FA4}"
EndProject
Project("{9A19103F-16F7-4668-BE54-9A1E7A4F7556}") = "FreeCourse.Services.PhotoStock", "Services\PhotoStock\FreeCourse.Services.PhotoStock\FreeCourse.Services.PhotoStock.csproj", "{3FF01710-B615-4364-A7D2-BEA0F724B06E}"
EndProject
Project("{2150E333-8FDC-42A3-9474-1A3956D46DE8}") = "Basket", "Basket", "{76BCA258-2936-4BD8-98AB-0E0ADF97EA54}"
EndProject
Project("{9A19103F-16F7-4668-BE54-9A1E7A4F7556}") = "FreeCourse.Services.Basket", "Services\Basket\FreeCourse.Services.Basket\FreeCourse.Services.Basket.csproj", "{5464CAE3-3BDA-484B-9ABE-F103D93FD0CF}"
EndProject
Project("{2150E333-8FDC-42A3-9474-1A3956D46DE8}") = "Discount", "Discount", "{7319870A-8FB1-436A-9276-E4C592F43042}"
EndProject
Project("{9A19103F-16F7-4668-BE54-9A1E7A4F7556}") = "FreeCourse.Services.Discount", "Services\Discount\FreeCourse.Services.Discount\FreeCourse.Services.Discount.csproj", "{F42D6A87-2007-4B17-B7A3-E33A4B24534A}"
EndProject
Project("{2150E333-8FDC-42A3-9474-1A3956D46DE8}") = "Order", "Order", "{A19CEF2D-59C4-437C-A5AD-63E6CB43026E}"
EndProject
Project("{9A19103F-16F7-4668-BE54-9A1E7A4F7556}") = "FreeCourse.Services.Order.API", "Services\Order\FreeCourse.Services.Order.API\FreeCourse.Services.Order.API.csproj", "{9BFEBE38-8CCB-4553-B4D2-D5F47B5A7B50}"
EndProject
Project("{9A19103F-16F7-4668-BE54-9A1E7A4F7556}") = "FreeCourse.Services.Order.Application", "Services\Order\FreeCourse.Services.Order.Application\FreeCourse.Services.Order.Application.csproj", "{A22D23DF-1977-4453-9FD8-8FEAD3EAD2F5}"
EndProject
Project("{9A19103F-16F7-4668-BE54-9A1E7A4F7556}") = "FreeCourse.Services.Order.Domain", "Services\Order\FreeCourse.Services.Order.Domain\FreeCourse.Services.Order.Domain.csproj", "{D3A46C48-B955-42D1-B5DF-1DA7FB5A072D}"
EndProject
Project("{9A19103F-16F7-4668-BE54-9A1E7A4F7556}") = "FreeCourse.Services.Order.Domain.Core", "Services\Order\FreeCourse.Services.Order.Domain.Core\FreeCourse.Services.Order.Domain.Core.csproj", "{F6B9601B-56C8-412B-828B-6570786990B2}"
EndProject
Project("{9A19103F-16F7-4668-BE54-9A1E7A4F7556}") = "FreeCourse.Services.Order.Infrastructure", "Services\Order\FreeCourse.Services.Order.Infrastructure\FreeCourse.Services.Order.Infrastructure.csproj", "{FDB42479-B810-49E1-AE96-E3BBFBCF400D}"
EndProject
Project("{2150E333-8FDC-42A3-9474-1A3956D46DE8}") = "DummyPayment", "DummyPayment", "{72B614D1-5F82-4AE5-A7FF-AF469C1DF598}"
EndProject
Project("{FAE04EC0-301F-11D3-BF4B-00C04F79EFBC}") = "FreeCourse.Services.DummyPayment", "Services\DummyPayment\FreeCourse.Services.DummyPayment\FreeCourse.Services.DummyPayment.csproj", "{4DCD6551-7160-4051-8384-52A093DE4033}"
EndProject
Global
	GlobalSection(SolutionConfigurationPlatforms) = preSolution
		Debug|Any CPU = Debug|Any CPU
		Release|Any CPU = Release|Any CPU
	EndGlobalSection
	GlobalSection(ProjectConfigurationPlatforms) = postSolution
		{13DB3DBD-8251-4EC0-9592-0BE761CD83A5}.Debug|Any CPU.ActiveCfg = Debug|Any CPU
		{13DB3DBD-8251-4EC0-9592-0BE761CD83A5}.Debug|Any CPU.Build.0 = Debug|Any CPU
		{13DB3DBD-8251-4EC0-9592-0BE761CD83A5}.Release|Any CPU.ActiveCfg = Release|Any CPU
		{13DB3DBD-8251-4EC0-9592-0BE761CD83A5}.Release|Any CPU.Build.0 = Release|Any CPU
		{3FD0BB52-0695-432D-9E03-449055ED9802}.Debug|Any CPU.ActiveCfg = Debug|Any CPU
		{3FD0BB52-0695-432D-9E03-449055ED9802}.Debug|Any CPU.Build.0 = Debug|Any CPU
		{3FD0BB52-0695-432D-9E03-449055ED9802}.Release|Any CPU.ActiveCfg = Release|Any CPU
		{3FD0BB52-0695-432D-9E03-449055ED9802}.Release|Any CPU.Build.0 = Release|Any CPU
		{F2416713-C3FE-40C3-8EFD-36C4ED6AAD95}.Debug|Any CPU.ActiveCfg = Debug|Any CPU
		{F2416713-C3FE-40C3-8EFD-36C4ED6AAD95}.Debug|Any CPU.Build.0 = Debug|Any CPU
		{F2416713-C3FE-40C3-8EFD-36C4ED6AAD95}.Release|Any CPU.ActiveCfg = Release|Any CPU
		{F2416713-C3FE-40C3-8EFD-36C4ED6AAD95}.Release|Any CPU.Build.0 = Release|Any CPU
		{3FF01710-B615-4364-A7D2-BEA0F724B06E}.Debug|Any CPU.ActiveCfg = Debug|Any CPU
		{3FF01710-B615-4364-A7D2-BEA0F724B06E}.Debug|Any CPU.Build.0 = Debug|Any CPU
		{3FF01710-B615-4364-A7D2-BEA0F724B06E}.Release|Any CPU.ActiveCfg = Release|Any CPU
		{3FF01710-B615-4364-A7D2-BEA0F724B06E}.Release|Any CPU.Build.0 = Release|Any CPU
		{5464CAE3-3BDA-484B-9ABE-F103D93FD0CF}.Debug|Any CPU.ActiveCfg = Debug|Any CPU
		{5464CAE3-3BDA-484B-9ABE-F103D93FD0CF}.Debug|Any CPU.Build.0 = Debug|Any CPU
		{5464CAE3-3BDA-484B-9ABE-F103D93FD0CF}.Release|Any CPU.ActiveCfg = Release|Any CPU
		{5464CAE3-3BDA-484B-9ABE-F103D93FD0CF}.Release|Any CPU.Build.0 = Release|Any CPU
		{F42D6A87-2007-4B17-B7A3-E33A4B24534A}.Debug|Any CPU.ActiveCfg = Debug|Any CPU
		{F42D6A87-2007-4B17-B7A3-E33A4B24534A}.Debug|Any CPU.Build.0 = Debug|Any CPU
		{F42D6A87-2007-4B17-B7A3-E33A4B24534A}.Release|Any CPU.ActiveCfg = Release|Any CPU
		{F42D6A87-2007-4B17-B7A3-E33A4B24534A}.Release|Any CPU.Build.0 = Release|Any CPU
		{9BFEBE38-8CCB-4553-B4D2-D5F47B5A7B50}.Debug|Any CPU.ActiveCfg = Debug|Any CPU
		{9BFEBE38-8CCB-4553-B4D2-D5F47B5A7B50}.Debug|Any CPU.Build.0 = Debug|Any CPU
		{9BFEBE38-8CCB-4553-B4D2-D5F47B5A7B50}.Release|Any CPU.ActiveCfg = Release|Any CPU
		{9BFEBE38-8CCB-4553-B4D2-D5F47B5A7B50}.Release|Any CPU.Build.0 = Release|Any CPU
		{A22D23DF-1977-4453-9FD8-8FEAD3EAD2F5}.Debug|Any CPU.ActiveCfg = Debug|Any CPU
		{A22D23DF-1977-4453-9FD8-8FEAD3EAD2F5}.Debug|Any CPU.Build.0 = Debug|Any CPU
		{A22D23DF-1977-4453-9FD8-8FEAD3EAD2F5}.Release|Any CPU.ActiveCfg = Release|Any CPU
		{A22D23DF-1977-4453-9FD8-8FEAD3EAD2F5}.Release|Any CPU.Build.0 = Release|Any CPU
		{D3A46C48-B955-42D1-B5DF-1DA7FB5A072D}.Debug|Any CPU.ActiveCfg = Debug|Any CPU
		{D3A46C48-B955-42D1-B5DF-1DA7FB5A072D}.Debug|Any CPU.Build.0 = Debug|Any CPU
		{D3A46C48-B955-42D1-B5DF-1DA7FB5A072D}.Release|Any CPU.ActiveCfg = Release|Any CPU
		{D3A46C48-B955-42D1-B5DF-1DA7FB5A072D}.Release|Any CPU.Build.0 = Release|Any CPU
		{F6B9601B-56C8-412B-828B-6570786990B2}.Debug|Any CPU.ActiveCfg = Debug|Any CPU
		{F6B9601B-56C8-412B-828B-6570786990B2}.Debug|Any CPU.Build.0 = Debug|Any CPU
		{F6B9601B-56C8-412B-828B-6570786990B2}.Release|Any CPU.ActiveCfg = Release|Any CPU
		{F6B9601B-56C8-412B-828B-6570786990B2}.Release|Any CPU.Build.0 = Release|Any CPU
		{FDB42479-B810-49E1-AE96-E3BBFBCF400D}.Debug|Any CPU.ActiveCfg = Debug|Any CPU
		{FDB42479-B810-49E1-AE96-E3BBFBCF400D}.Debug|Any CPU.Build.0 = Debug|Any CPU
		{FDB42479-B810-49E1-AE96-E3BBFBCF400D}.Release|Any CPU.ActiveCfg = Release|Any CPU
		{FDB42479-B810-49E1-AE96-E3BBFBCF400D}.Release|Any CPU.Build.0 = Release|Any CPU
		{4DCD6551-7160-4051-8384-52A093DE4033}.Debug|Any CPU.ActiveCfg = Debug|Any CPU
		{4DCD6551-7160-4051-8384-52A093DE4033}.Debug|Any CPU.Build.0 = Debug|Any CPU
		{4DCD6551-7160-4051-8384-52A093DE4033}.Release|Any CPU.ActiveCfg = Release|Any CPU
		{4DCD6551-7160-4051-8384-52A093DE4033}.Release|Any CPU.Build.0 = Release|Any CPU
	EndGlobalSection
	GlobalSection(SolutionProperties) = preSolution
		HideSolutionNode = FALSE
	EndGlobalSection
	GlobalSection(NestedProjects) = preSolution
		{A5DC7CDA-C495-4B04-B96D-0AF3DDEE05E7} = {F972C3C2-AF95-4B66-8280-5D5A2A68269E}
		{13DB3DBD-8251-4EC0-9592-0BE761CD83A5} = {A5DC7CDA-C495-4B04-B96D-0AF3DDEE05E7}
		{3FD0BB52-0695-432D-9E03-449055ED9802} = {96D9F653-DE40-4922-A68F-457E8BD54AAC}
		{F2416713-C3FE-40C3-8EFD-36C4ED6AAD95} = {C5A16F50-B720-4EBD-B9CA-351F8FC7F9CA}
		{0B2EFC17-1E76-40B1-AE51-9B684AFF9FA4} = {F972C3C2-AF95-4B66-8280-5D5A2A68269E}
		{3FF01710-B615-4364-A7D2-BEA0F724B06E} = {0B2EFC17-1E76-40B1-AE51-9B684AFF9FA4}
		{76BCA258-2936-4BD8-98AB-0E0ADF97EA54} = {F972C3C2-AF95-4B66-8280-5D5A2A68269E}
		{5464CAE3-3BDA-484B-9ABE-F103D93FD0CF} = {76BCA258-2936-4BD8-98AB-0E0ADF97EA54}
		{7319870A-8FB1-436A-9276-E4C592F43042} = {F972C3C2-AF95-4B66-8280-5D5A2A68269E}
		{F42D6A87-2007-4B17-B7A3-E33A4B24534A} = {7319870A-8FB1-436A-9276-E4C592F43042}
		{A19CEF2D-59C4-437C-A5AD-63E6CB43026E} = {F972C3C2-AF95-4B66-8280-5D5A2A68269E}
		{9BFEBE38-8CCB-4553-B4D2-D5F47B5A7B50} = {A19CEF2D-59C4-437C-A5AD-63E6CB43026E}
		{A22D23DF-1977-4453-9FD8-8FEAD3EAD2F5} = {A19CEF2D-59C4-437C-A5AD-63E6CB43026E}
		{D3A46C48-B955-42D1-B5DF-1DA7FB5A072D} = {A19CEF2D-59C4-437C-A5AD-63E6CB43026E}
		{F6B9601B-56C8-412B-828B-6570786990B2} = {A19CEF2D-59C4-437C-A5AD-63E6CB43026E}
		{FDB42479-B810-49E1-AE96-E3BBFBCF400D} = {A19CEF2D-59C4-437C-A5AD-63E6CB43026E}
		{72B614D1-5F82-4AE5-A7FF-AF469C1DF598} = {F972C3C2-AF95-4B66-8280-5D5A2A68269E}
		{4DCD6551-7160-4051-8384-52A093DE4033} = {72B614D1-5F82-4AE5-A7FF-AF469C1DF598}
	EndGlobalSection
	GlobalSection(ExtensibilityGlobals) = postSolution
		SolutionGuid = {DCCDA8A3-54A2-48C0-8041-7C5E263E40E4}
	EndGlobalSection
EndGlobal
